
Microsoft Visual Studio Solution File, Format Version 12.00
Project("{FAE04EC0-301F-11D3-BF4B-00C04F79EFBC}") = "FishMod", "FishMod\FishMod.csproj", "{6F698DDF-8650-4257-B3A2-448CF952DC3F}"
EndProject
Global
	GlobalSection(SolutionConfigurationPlatforms) = preSolution
		Debug|Any CPU = Debug|Any CPU
		Release|Any CPU = Release|Any CPU
	EndGlobalSection
	GlobalSection(ProjectConfigurationPlatforms) = postSolution
		{6F698DDF-8650-4257-B3A2-448CF952DC3F}.Debug|Any CPU.ActiveCfg = Debug|Any CPU
		{6F698DDF-8650-4257-B3A2-448CF952DC3F}.Debug|Any CPU.Build.0 = Debug|Any CPU
		{6F698DDF-8650-4257-B3A2-448CF952DC3F}.Release|Any CPU.ActiveCfg = Release|Any CPU
		{6F698DDF-8650-4257-B3A2-448CF952DC3F}.Release|Any CPU.Build.0 = Release|Any CPU
	EndGlobalSection
EndGlobal
